# THIS IS AN AUTOGENERATED FILE. DO NOT EDIT THIS FILE DIRECTLY.
# yarn lockfile v1


active-x-obfuscator@0.0.1:
  version "0.0.1"
  resolved "https://registry.yarnpkg.com/active-x-obfuscator/-/active-x-obfuscator-0.0.1.tgz#089b89b37145ff1d9ec74af6530be5526cae1f1a"
  integrity sha1-CJuJs3FF/x2ex0r2UwvlUmyuHxo=
  dependencies:
    zeparser "0.0.5"

commander@~2.1.0:
  version "2.1.0"
  resolved "https://registry.yarnpkg.com/commander/-/commander-2.1.0.tgz#d121bbae860d9992a3d517ba96f56588e47c6781"
  integrity sha1-0SG7roYNmZKj1Re6lvVliOR8Z4E=

"jquery@~> 2.2.4":
  version "2.2.4"
  resolved "https://registry.yarnpkg.com/jquery/-/jquery-2.2.4.tgz#2c89d6889b5eac522a7eea32c14521559c6cbf02"
  integrity sha1-LInWiJterFIqfuoywUUhVZxsvwI=

nan@~1.0.0:
  version "1.0.0"
  resolved "https://registry.yarnpkg.com/nan/-/nan-1.0.0.tgz#ae24f8850818d662fcab5acf7f3b95bfaa2ccf38"
  integrity sha1-riT4hQgY1mL8q1rPfzuVv6oszzg=

options@>=0.0.5:
  version "0.0.6"
  resolved "https://registry.yarnpkg.com/options/-/options-0.0.6.tgz#ec22d312806bb53e731773e7cdaefcf1c643128f"
  integrity sha1-7CLTEoBrtT5zF3Pnza788cZDEo8=

"socket.io-client@~> 0.9.17":
  version "0.9.17"
  resolved "https://registry.yarnpkg.com/socket.io-client/-/socket.io-client-0.9.17.tgz#31d12c44b73fbba349639eccf833e3f9ae13fe6f"
  integrity sha1-MdEsRLc/u6NJY57M+DPj+a4T/m8=
  dependencies:
    active-x-obfuscator "0.0.1"
    uglify-js "1.2.5"
    ws "0.4.x"
    xmlhttprequest "1.4.2"

tinycolor@0.x:
  version "0.0.1"
  resolved "https://registry.yarnpkg.com/tinycolor/-/tinycolor-0.0.1.tgz#320b5a52d83abb5978d81a3e887d4aefb15a6164"
  integrity sha1-MgtaUtg6u1l42Bo+iH1K77FaYWQ=

uglify-js@1.2.5:
  version "1.2.5"
  resolved "https://registry.yarnpkg.com/uglify-js/-/uglify-js-1.2.5.tgz#b542c2c76f78efb34b200b20177634330ff702b6"
  integrity sha1-tULCx29477NLIAsgF3Y0Mw/3ArY=

"wolfy87-eventemitter@~> 4.3.0":
  version "4.3.0"
  resolved "https://registry.yarnpkg.com/wolfy87-eventemitter/-/wolfy87-eventemitter-4.3.0.tgz#6497396c95e74359f06b6e35409339318d8d964f"
  integrity sha1-ZJc5bJXnQ1nwa241QJM5MY2Nlk8=

ws@0.4.x:
  version "0.4.32"
  resolved "https://registry.yarnpkg.com/ws/-/ws-0.4.32.tgz#787a6154414f3c99ed83c5772153b20feb0cec32"
  integrity sha1-eHphVEFPPJntg8V3IVOyD+sM7DI=
  dependencies:
    commander "~2.1.0"
    nan "~1.0.0"
    options ">=0.0.5"
    tinycolor "0.x"

xmlhttprequest@1.4.2:
  version "1.4.2"
  resolved "https://registry.yarnpkg.com/xmlhttprequest/-/xmlhttprequest-1.4.2.tgz#01453a1d9bed1e8f172f6495bbf4c8c426321500"
  integrity sha1-AUU6HZvtHo8XL2SVu/TIxCYyFQA=

zeparser@0.0.5:
  version "0.0.5"
  resolved "https://registry.yarnpkg.com/zeparser/-/zeparser-0.0.5.tgz#03726561bc268f2e5444f54c665b7fd4a8c029e2"
  integrity sha1-A3JlYbwmjy5URPVMZlt/1KjAKeI=
